azul3d.org/engine v0.0.0-20180624221640-25c8eab2d474 h1:HrLWoqa15YkXa5jtwSRy7mEmmO9ZOPEFe0uMNmH+iyI=
azul3d.org/engine v0.0.0-20180624221640-25c8eab2d474/go.mod h1:3y1cwzJTKvXXop+EAg+AUVfNm3bfHf3djeX+l1UBuUE=
github.com/mewkiz/flac v1.0.5 h1:dHGW/2kf+/KZ2GGqSVayNEhL9pluKn/rr/h/QqD9Ogc=
github.com/mewkiz/flac v1.0.5/go.mod h1:EHZNU32dMF6alpurYyKHDLYpW1lYpBZ5WrXi/VuNIGs=
